{
  "name": "busy-publisher",
  "version": "1.0.0",
  "lockfileVersion": 1,
  "requires": true,
  "dependencies": {
    "random-readable": {
      "version": "1.0.1",
      "resolved": "https://registry.npmjs.org/random-readable/-/random-readable-1.0.1.tgz",
      "integrity": "sha512-Y++VltLA4yRsvFDAPbODh9hMw7cfkng+c/S+44ob6xGt0itLr8s6VhANl7kY7igEv3igPgzdc+T8EhBjQWjd9g=="
    }
  }
}
